
Microsoft Visual Studio Solution File, Format Version 12.00
# Visual Studio Version 17
VisualStudioVersion = 17.14.37111.16
MinimumVisualStudioVersion = 10.0.40219.1
Project("{2150E333-8FDC-42A3-9474-1A3956D46DE8}") = "FrontEnd", "FrontEnd", "{02EA681E-C7D8-13C7-8484-4AC65E1B71E8}"
EndProject
Project("{2150E333-8FDC-42A3-9474-1A3956D46DE8}") = "BackEnd", "BackEnd", "{88CFBF81-CB82-424A-986A-89120353DD87}"
EndProject
Global
	GlobalSection(SolutionProperties) = preSolution
		HideSolutionNode = FALSE
	EndGlobalSection
	GlobalSection(ExtensibilityGlobals) = postSolution
		SolutionGuid = {21020945-3A49-4ADF-8F25-82F8F9C744B1}
	EndGlobalSection
EndGlobal
